
Microsoft Visual Studio Solution File, Format Version 12.00
# Visual Studio Version 17
VisualStudioVersion = 17.3.32929.385
MinimumVisualStudioVersion = 10.0.40219.1
Project("{FAE04EC0-301F-11D3-BF4B-00C04F79EFBC}") = "Super_Addionneur_4000", "Super_Addionneur_4000\Super_Addionneur_4000.csproj", "{61FCD321-2C3E-4FED-890C-A05E4B23DE8A}"
EndProject
Project("{FAE04EC0-301F-11D3-BF4B-00C04F79EFBC}") = "ClassLibraryAddi", "ClassLibraryAddi\ClassLibraryAddi.csproj", "{FE25399E-BB7E-48D1-86C4-EC0605D6DD1C}"
EndProject
Project("{9A19103F-16F7-4668-BE54-9A1E7A4F7556}") = "Valide_saisie", "Valide_saisie\Valide_saisie.csproj", "{20437B29-FFEB-41B7-BAF4-E9F232898A0F}"
EndProject
Project("{9A19103F-16F7-4668-BE54-9A1E7A4F7556}") = "checkb_radiob", "checkb_radiob\checkb_radiob.csproj", "{4638F404-8639-49F1-8A17-21D297E33784}"
EndProject
Project("{9A19103F-16F7-4668-BE54-9A1E7A4F7556}") = "Op_ListBox_WF", "Op_ListBox_WF\Op_ListBox_WF.csproj", "{0F76EB2F-694E-407F-B30A-253FC226DC61}"
EndProject
Project("{9A19103F-16F7-4668-BE54-9A1E7A4F7556}") = "LB_CB", "LB_CB\LB_CB.csproj", "{05303216-50BF-4871-B01D-9490C20DF607}"
EndProject
Project("{9A19103F-16F7-4668-BE54-9A1E7A4F7556}") = "DefilementColor", "DefilementColor\DefilementColor.csproj", "{4BECA028-DB15-4712-BCA7-3FDE05FA8FCD}"
EndProject
Project("{9A19103F-16F7-4668-BE54-9A1E7A4F7556}") = "Emprunts", "Emprunts\Emprunts.csproj", "{9E043340-FA1A-4AEC-BBDF-498C979A0A71}"
EndProject
Project("{9A19103F-16F7-4668-BE54-9A1E7A4F7556}") = "CreerFormulaire", "CreerFormulaire\CreerFormulaire.csproj", "{AEB32D86-72E8-444C-BCE3-7C299359E4EA}"
EndProject
Project("{FAE04EC0-301F-11D3-BF4B-00C04F79EFBC}") = "CreerDesFormulaires", "CreerDesFormulaires\CreerDesFormulaires.csproj", "{5AE0757F-38CF-4EF8-80CE-B8ED4D56D7C5}"
EndProject
Global
	GlobalSection(SolutionConfigurationPlatforms) = preSolution
		Debug|Any CPU = Debug|Any CPU
		Release|Any CPU = Release|Any CPU
	EndGlobalSection
	GlobalSection(ProjectConfigurationPlatforms) = postSolution
		{61FCD321-2C3E-4FED-890C-A05E4B23DE8A}.Debug|Any CPU.ActiveCfg = Debug|Any CPU
		{61FCD321-2C3E-4FED-890C-A05E4B23DE8A}.Debug|Any CPU.Build.0 = Debug|Any CPU
		{61FCD321-2C3E-4FED-890C-A05E4B23DE8A}.Release|Any CPU.ActiveCfg = Release|Any CPU
		{61FCD321-2C3E-4FED-890C-A05E4B23DE8A}.Release|Any CPU.Build.0 = Release|Any CPU
		{FE25399E-BB7E-48D1-86C4-EC0605D6DD1C}.Debug|Any CPU.ActiveCfg = Debug|Any CPU
		{FE25399E-BB7E-48D1-86C4-EC0605D6DD1C}.Debug|Any CPU.Build.0 = Debug|Any CPU
		{FE25399E-BB7E-48D1-86C4-EC0605D6DD1C}.Release|Any CPU.ActiveCfg = Release|Any CPU
		{FE25399E-BB7E-48D1-86C4-EC0605D6DD1C}.Release|Any CPU.Build.0 = Release|Any CPU
		{20437B29-FFEB-41B7-BAF4-E9F232898A0F}.Debug|Any CPU.ActiveCfg = Debug|Any CPU
		{20437B29-FFEB-41B7-BAF4-E9F232898A0F}.Debug|Any CPU.Build.0 = Debug|Any CPU
		{20437B29-FFEB-41B7-BAF4-E9F232898A0F}.Release|Any CPU.ActiveCfg = Release|Any CPU
		{20437B29-FFEB-41B7-BAF4-E9F232898A0F}.Release|Any CPU.Build.0 = Release|Any CPU
		{4638F404-8639-49F1-8A17-21D297E33784}.Debug|Any CPU.ActiveCfg = Debug|Any CPU
		{4638F404-8639-49F1-8A17-21D297E33784}.Debug|Any CPU.Build.0 = Debug|Any CPU
		{4638F404-8639-49F1-8A17-21D297E33784}.Release|Any CPU.ActiveCfg = Release|Any CPU
		{4638F404-8639-49F1-8A17-21D297E33784}.Release|Any CPU.Build.0 = Release|Any CPU
		{0F76EB2F-694E-407F-B30A-253FC226DC61}.Debug|Any CPU.ActiveCfg = Debug|Any CPU
		{0F76EB2F-694E-407F-B30A-253FC226DC61}.Debug|Any CPU.Build.0 = Debug|Any CPU
		{0F76EB2F-694E-407F-B30A-253FC226DC61}.Release|Any CPU.ActiveCfg = Release|Any CPU
		{0F76EB2F-694E-407F-B30A-253FC226DC61}.Release|Any CPU.Build.0 = Release|Any CPU
		{05303216-50BF-4871-B01D-9490C20DF607}.Debug|Any CPU.ActiveCfg = Debug|Any CPU
		{05303216-50BF-4871-B01D-9490C20DF607}.Debug|Any CPU.Build.0 = Debug|Any CPU
		{05303216-50BF-4871-B01D-9490C20DF607}.Release|Any CPU.ActiveCfg = Release|Any CPU
		{05303216-50BF-4871-B01D-9490C20DF607}.Release|Any CPU.Build.0 = Release|Any CPU
		{4BECA028-DB15-4712-BCA7-3FDE05FA8FCD}.Debug|Any CPU.ActiveCfg = Debug|Any CPU
		{4BECA028-DB15-4712-BCA7-3FDE05FA8FCD}.Debug|Any CPU.Build.0 = Debug|Any CPU
		{4BECA028-DB15-4712-BCA7-3FDE05FA8FCD}.Release|Any CPU.ActiveCfg = Release|Any CPU
		{4BECA028-DB15-4712-BCA7-3FDE05FA8FCD}.Release|Any CPU.Build.0 = Release|Any CPU
		{9E043340-FA1A-4AEC-BBDF-498C979A0A71}.Debug|Any CPU.ActiveCfg = Debug|Any CPU
		{9E043340-FA1A-4AEC-BBDF-498C979A0A71}.Debug|Any CPU.Build.0 = Debug|Any CPU
		{9E043340-FA1A-4AEC-BBDF-498C979A0A71}.Release|Any CPU.ActiveCfg = Release|Any CPU
		{9E043340-FA1A-4AEC-BBDF-498C979A0A71}.Release|Any CPU.Build.0 = Release|Any CPU
		{AEB32D86-72E8-444C-BCE3-7C299359E4EA}.Debug|Any CPU.ActiveCfg = Debug|Any CPU
		{AEB32D86-72E8-444C-BCE3-7C299359E4EA}.Debug|Any CPU.Build.0 = Debug|Any CPU
		{AEB32D86-72E8-444C-BCE3-7C299359E4EA}.Release|Any CPU.ActiveCfg = Release|Any CPU
		{AEB32D86-72E8-444C-BCE3-7C299359E4EA}.Release|Any CPU.Build.0 = Release|Any CPU
		{5AE0757F-38CF-4EF8-80CE-B8ED4D56D7C5}.Debug|Any CPU.ActiveCfg = Debug|Any CPU
		{5AE0757F-38CF-4EF8-80CE-B8ED4D56D7C5}.Debug|Any CPU.Build.0 = Debug|Any CPU
		{5AE0757F-38CF-4EF8-80CE-B8ED4D56D7C5}.Release|Any CPU.ActiveCfg = Release|Any CPU
		{5AE0757F-38CF-4EF8-80CE-B8ED4D56D7C5}.Release|Any CPU.Build.0 = Release|Any CPU
	EndGlobalSection
	GlobalSection(SolutionProperties) = preSolution
		HideSolutionNode = FALSE
	EndGlobalSection
	GlobalSection(ExtensibilityGlobals) = postSolution
		SolutionGuid = {659BAA8D-9884-454D-A65E-5E600ED321C7}
	EndGlobalSection
EndGlobal
