
Microsoft Visual Studio Solution File, Format Version 12.00
# Visual Studio Version 17
VisualStudioVersion = 17.3.32929.385
MinimumVisualStudioVersion = 10.0.40219.1
Project("{FAE04EC0-301F-11D3-BF4B-00C04F79EFBC}") = "Super_Addionneur_4000", "Super_Addionneur_4000\Super_Addionneur_4000.csproj", "{61FCD321-2C3E-4FED-890C-A05E4B23DE8A}"
EndProject
Project("{FAE04EC0-301F-11D3-BF4B-00C04F79EFBC}") = "ClassLibraryAddi", "ClassLibraryAddi\ClassLibraryAddi.csproj", "{FE25399E-BB7E-48D1-86C4-EC0605D6DD1C}"
EndProject
Project("{9A19103F-16F7-4668-BE54-9A1E7A4F7556}") = "Valide_saisie", "Valide_saisie\Valide_saisie.csproj", "{20437B29-FFEB-41B7-BAF4-E9F232898A0F}"
EndProject
Project("{FAE04EC0-301F-11D3-BF4B-00C04F79EFBC}") = "checkb_radiob", "checkb_radiob\checkb_radiob.csproj", "{4638F404-8639-49F1-8A17-21D297E33784}"
EndProject
Global
	GlobalSection(SolutionConfigurationPlatforms) = preSolution
		Debug|Any CPU = Debug|Any CPU
		Release|Any CPU = Release|Any CPU
	EndGlobalSection
	GlobalSection(ProjectConfigurationPlatforms) = postSolution
		{61FCD321-2C3E-4FED-890C-A05E4B23DE8A}.Debug|Any CPU.ActiveCfg = Debug|Any CPU
		{61FCD321-2C3E-4FED-890C-A05E4B23DE8A}.Debug|Any CPU.Build.0 = Debug|Any CPU
		{61FCD321-2C3E-4FED-890C-A05E4B23DE8A}.Release|Any CPU.ActiveCfg = Release|Any CPU
		{61FCD321-2C3E-4FED-890C-A05E4B23DE8A}.Release|Any CPU.Build.0 = Release|Any CPU
		{FE25399E-BB7E-48D1-86C4-EC0605D6DD1C}.Debug|Any CPU.ActiveCfg = Debug|Any CPU
		{FE25399E-BB7E-48D1-86C4-EC0605D6DD1C}.Debug|Any CPU.Build.0 = Debug|Any CPU
		{FE25399E-BB7E-48D1-86C4-EC0605D6DD1C}.Release|Any CPU.ActiveCfg = Release|Any CPU
		{FE25399E-BB7E-48D1-86C4-EC0605D6DD1C}.Release|Any CPU.Build.0 = Release|Any CPU
		{20437B29-FFEB-41B7-BAF4-E9F232898A0F}.Debug|Any CPU.ActiveCfg = Debug|Any CPU
		{20437B29-FFEB-41B7-BAF4-E9F232898A0F}.Debug|Any CPU.Build.0 = Debug|Any CPU
		{20437B29-FFEB-41B7-BAF4-E9F232898A0F}.Release|Any CPU.ActiveCfg = Release|Any CPU
		{20437B29-FFEB-41B7-BAF4-E9F232898A0F}.Release|Any CPU.Build.0 = Release|Any CPU
		{4638F404-8639-49F1-8A17-21D297E33784}.Debug|Any CPU.ActiveCfg = Debug|Any CPU
		{4638F404-8639-49F1-8A17-21D297E33784}.Debug|Any CPU.Build.0 = Debug|Any CPU
		{4638F404-8639-49F1-8A17-21D297E33784}.Release|Any CPU.ActiveCfg = Release|Any CPU
		{4638F404-8639-49F1-8A17-21D297E33784}.Release|Any CPU.Build.0 = Release|Any CPU
	EndGlobalSection
	GlobalSection(SolutionProperties) = preSolution
		HideSolutionNode = FALSE
	EndGlobalSection
	GlobalSection(ExtensibilityGlobals) = postSolution
		SolutionGuid = {659BAA8D-9884-454D-A65E-5E600ED321C7}
	EndGlobalSection
EndGlobal
